// !$*UTF8*$!
{
	archiveVersion = 1;
	classes = {
	};
	objectVersion = 56;
	objects = {

/* Begin PBXBuildFile section */
		52F0460E2C096D34002A00C9 /* AppDelegate.swift in Sources */ = {isa = PBXBuildFile; fileRef = 52F0460D2C096D34002A00C9 /* AppDelegate.swift */; };
		52F046102C096D34002A00C9 /* SceneDelegate.swift in Sources */ = {isa = PBXBuildFile; fileRef = 52F0460F2C096D34002A00C9 /* SceneDelegate.swift */; };
		52F046122C096D34002A00C9 /* ViewController.swift in Sources */ = {isa = PBXBuildFile; fileRef = 52F046112C096D34002A00C9 /* ViewController.swift */; };
		52F046152C096D34002A00C9 /* Base in Resources */ = {isa = PBXBuildFile; fileRef = 52F046142C096D34002A00C9 /* Base */; };
		52F046172C096D36002A00C9 /* Assets.xcassets in Resources */ = {isa = PBXBuildFile; fileRef = 52F046162C096D36002A00C9 /* Assets.xcassets */; };
		52F0461A2C096D36002A00C9 /* Base in Resources */ = {isa = PBXBuildFile; fileRef = 52F046192C096D36002A00C9 /* Base */; };
		52F046262C096F71002A00C9 /* CXCallManager.swift in Sources */ = {isa = PBXBuildFile; fileRef = 52F046252C096F71002A00C9 /* CXCallManager.swift */; };
		52F046282C096F87002A00C9 /* CXProvider.swift in Sources */ = {isa = PBXBuildFile; fileRef = 52F046272C096F87002A00C9 /* CXProvider.swift */; };
		52F0462C2C096FED002A00C9 /* CallingViewController.swift in Sources */ = {isa = PBXBuildFile; fileRef = 52F0462A2C096FDA002A00C9 /* CallingViewController.swift */; };
		52F0462E2C097039002A00C9 /* ConnectionManager.swift in Sources */ = {isa = PBXBuildFile; fileRef = 52F0462D2C097039002A00C9 /* ConnectionManager.swift */; };
		52F046302C097178002A00C9 /* CallingGroupChannelViewController.swift in Sources */ = {isa = PBXBuildFile; fileRef = 52F0462F2C097178002A00C9 /* CallingGroupChannelViewController.swift */; };
		52F0463E2C0972D2002A00C9 /* CallInfo.swift in Sources */ = {isa = PBXBuildFile; fileRef = 52F0463D2C0972D2002A00C9 /* CallInfo.swift */; };
		52F0463F2C0986A0002A00C9 /* CallingViewController.xib in Resources */ = {isa = PBXBuildFile; fileRef = 52F0462B2C096FDA002A00C9 /* CallingViewController.xib */; };
		52F046412C09878F002A00C9 /* SignInViewController.swift in Sources */ = {isa = PBXBuildFile; fileRef = 52F046402C09878E002A00C9 /* SignInViewController.swift */; };
		52F0464B2C098F66002A00C9 /* ChannelListViewController.swift in Sources */ = {isa = PBXBuildFile; fileRef = 52F046432C098F66002A00C9 /* ChannelListViewController.swift */; };
		52F0464C2C098F66002A00C9 /* MySettingsCell.swift in Sources */ = {isa = PBXBuildFile; fileRef = 52F046452C098F66002A00C9 /* MySettingsCell.swift */; };
		52F0464D2C098F66002A00C9 /* MySettingsViewController.swift in Sources */ = {isa = PBXBuildFile; fileRef = 52F046462C098F66002A00C9 /* MySettingsViewController.swift */; };
		52F0464E2C098F66002A00C9 /* UserInfoTitleView.swift in Sources */ = {isa = PBXBuildFile; fileRef = 52F046472C098F66002A00C9 /* UserInfoTitleView.swift */; };
		52F0464F2C098F66002A00C9 /* MainChannelTabbarController.swift in Sources */ = {isa = PBXBuildFile; fileRef = 52F046492C098F66002A00C9 /* MainChannelTabbarController.swift */; };
		52F046512C099576002A00C9 /* SendbirdUIKit.framework in Frameworks */ = {isa = PBXBuildFile; fileRef = 52F046502C099576002A00C9 /* SendbirdUIKit.framework */; };
		52F046522C099576002A00C9 /* SendbirdUIKit.framework in Embed Frameworks */ = {isa = PBXBuildFile; fileRef = 52F046502C099576002A00C9 /* SendbirdUIKit.framework */; settings = {ATTRIBUTES = (CodeSignOnCopy, RemoveHeadersOnCopy, ); }; };
		52F046562C099F48002A00C9 /* SendbirdChatSDK in Frameworks */ = {isa = PBXBuildFile; productRef = 52F046552C099F48002A00C9 /* SendbirdChatSDK */; };
		DFA0EB8F5D8CBF4D14687A93 /* Pods_CallsChatSample.framework in Frameworks */ = {isa = PBXBuildFile; fileRef = 74120BA0E30A51B3AEB25B59 /* Pods_CallsChatSample.framework */; };
/* End PBXBuildFile section */

/* Begin PBXCopyFilesBuildPhase section */
		52F046532C099576002A00C9 /* Embed Frameworks */ = {
			isa = PBXCopyFilesBuildPhase;
			buildActionMask = 2147483647;
			dstPath = "";
			dstSubfolderSpec = 10;
			files = (
				52F046522C099576002A00C9 /* SendbirdUIKit.framework in Embed Frameworks */,
			);
			name = "Embed Frameworks";
			runOnlyForDeploymentPostprocessing = 0;
		};
/* End PBXCopyFilesBuildPhase section */

/* Begin PBXFileReference section */
		52F0460A2C096D34002A00C9 /* CallsChatSample.app */ = {isa = PBXFileReference; explicitFileType = wrapper.application; includeInIndex = 0; path = CallsChatSample.app; sourceTree = BUILT_PRODUCTS_DIR; };
		52F0460D2C096D34002A00C9 /* AppDelegate.swift */ = {isa = PBXFileReference; lastKnownFileType = sourcecode.swift; path = AppDelegate.swift; sourceTree = "<group>"; };
		52F0460F2C096D34002A00C9 /* SceneDelegate.swift */ = {isa = PBXFileReference; lastKnownFileType = sourcecode.swift; path = SceneDelegate.swift; sourceTree = "<group>"; };
		52F046112C096D34002A00C9 /* ViewController.swift */ = {isa = PBXFileReference; lastKnownFileType = sourcecode.swift; path = ViewController.swift; sourceTree = "<group>"; };
		52F046142C096D34002A00C9 /* Base */ = {isa = PBXFileReference; lastKnownFileType = file.storyboard; name = Base; path = Base.lproj/Main.storyboard; sourceTree = "<group>"; };
		52F046162C096D36002A00C9 /* Assets.xcassets */ = {isa = PBXFileReference; lastKnownFileType = folder.assetcatalog; path = Assets.xcassets; sourceTree = "<group>"; };
		52F046192C096D36002A00C9 /* Base */ = {isa = PBXFileReference; lastKnownFileType = file.storyboard; name = Base; path = Base.lproj/LaunchScreen.storyboard; sourceTree = "<group>"; };
		52F0461B2C096D36002A00C9 /* Info.plist */ = {isa = PBXFileReference; lastKnownFileType = text.plist.xml; path = Info.plist; sourceTree = "<group>"; };
		52F046252C096F71002A00C9 /* CXCallManager.swift */ = {isa = PBXFileReference; lastKnownFileType = sourcecode.swift; path = CXCallManager.swift; sourceTree = "<group>"; };
		52F046272C096F87002A00C9 /* CXProvider.swift */ = {isa = PBXFileReference; lastKnownFileType = sourcecode.swift; path = CXProvider.swift; sourceTree = "<group>"; };
		52F0462A2C096FDA002A00C9 /* CallingViewController.swift */ = {isa = PBXFileReference; lastKnownFileType = sourcecode.swift; path = CallingViewController.swift; sourceTree = "<group>"; };
		52F0462B2C096FDA002A00C9 /* CallingViewController.xib */ = {isa = PBXFileReference; lastKnownFileType = file.xib; path = CallingViewController.xib; sourceTree = "<group>"; };
		52F0462D2C097039002A00C9 /* ConnectionManager.swift */ = {isa = PBXFileReference; lastKnownFileType = sourcecode.swift; path = ConnectionManager.swift; sourceTree = "<group>"; };
		52F0462F2C097178002A00C9 /* CallingGroupChannelViewController.swift */ = {isa = PBXFileReference; lastKnownFileType = sourcecode.swift; path = CallingGroupChannelViewController.swift; sourceTree = "<group>"; };
		52F0463D2C0972D2002A00C9 /* CallInfo.swift */ = {isa = PBXFileReference; lastKnownFileType = sourcecode.swift; path = CallInfo.swift; sourceTree = "<group>"; };
		52F046402C09878E002A00C9 /* SignInViewController.swift */ = {isa = PBXFileReference; lastKnownFileType = sourcecode.swift; path = SignInViewController.swift; sourceTree = "<group>"; };
		52F046422C098A78002A00C9 /* CallsChatSample.entitlements */ = {isa = PBXFileReference; lastKnownFileType = text.plist.entitlements; path = CallsChatSample.entitlements; sourceTree = "<group>"; };
		52F046432C098F66002A00C9 /* ChannelListViewController.swift */ = {isa = PBXFileReference; fileEncoding = 4; lastKnownFileType = sourcecode.swift; path = ChannelListViewController.swift; sourceTree = "<group>"; };
		52F046452C098F66002A00C9 /* MySettingsCell.swift */ = {isa = PBXFileReference; fileEncoding = 4; lastKnownFileType = sourcecode.swift; path = MySettingsCell.swift; sourceTree = "<group>"; };
		52F046462C098F66002A00C9 /* MySettingsViewController.swift */ = {isa = PBXFileReference; fileEncoding = 4; lastKnownFileType = sourcecode.swift; path = MySettingsViewController.swift; sourceTree = "<group>"; };
		52F046472C098F66002A00C9 /* UserInfoTitleView.swift */ = {isa = PBXFileReference; fileEncoding = 4; lastKnownFileType = sourcecode.swift; path = UserInfoTitleView.swift; sourceTree = "<group>"; };
		52F046492C098F66002A00C9 /* MainChannelTabbarController.swift */ = {isa = PBXFileReference; fileEncoding = 4; lastKnownFileType = sourcecode.swift; path = MainChannelTabbarController.swift; sourceTree = "<group>"; };
		52F046502C099576002A00C9 /* SendbirdUIKit.framework */ = {isa = PBXFileReference; explicitFileType = wrapper.framework; path = SendbirdUIKit.framework; sourceTree = BUILT_PRODUCTS_DIR; };
		74120BA0E30A51B3AEB25B59 /* Pods_CallsChatSample.framework */ = {isa = PBXFileReference; explicitFileType = wrapper.framework; includeInIndex = 0; path = Pods_CallsChatSample.framework; sourceTree = BUILT_PRODUCTS_DIR; };
		DCF3E7F67963EC380B354B82 /* Pods-CallsChatSample.debug.xcconfig */ = {isa = PBXFileReference; includeInIndex = 1; lastKnownFileType = text.xcconfig; name = "Pods-CallsChatSample.debug.xcconfig"; path = "Target Support Files/Pods-CallsChatSample/Pods-CallsChatSample.debug.xcconfig"; sourceTree = "<group>"; };
		FBEDEDF1C567344BE009AF01 /* Pods-CallsChatSample.release.xcconfig */ = {isa = PBXFileReference; includeInIndex = 1; lastKnownFileType = text.xcconfig; name = "Pods-CallsChatSample.release.xcconfig"; path = "Target Support Files/Pods-CallsChatSample/Pods-CallsChatSample.release.xcconfig"; sourceTree = "<group>"; };
/* End PBXFileReference section */

/* Begin PBXFrameworksBuildPhase section */
		52F046072C096D34002A00C9 /* Frameworks */ = {
			isa = PBXFrameworksBuildPhase;
			buildActionMask = 2147483647;
			files = (
				52F046512C099576002A00C9 /* SendbirdUIKit.framework in Frameworks */,
				DFA0EB8F5D8CBF4D14687A93 /* Pods_CallsChatSample.framework in Frameworks */,
				52F046562C099F48002A00C9 /* SendbirdChatSDK in Frameworks */,
			);
			runOnlyForDeploymentPostprocessing = 0;
		};
/* End PBXFrameworksBuildPhase section */

/* Begin PBXGroup section */
		52F046012C096D34002A00C9 = {
			isa = PBXGroup;
			children = (
				52F0460C2C096D34002A00C9 /* CallsChatSample */,
				52F0460B2C096D34002A00C9 /* Products */,
				FAB64532B9ED56EACD439912 /* Pods */,
				902B6B7DFE43BE47C1C46000 /* Frameworks */,
			);
			sourceTree = "<group>";
		};
		52F0460B2C096D34002A00C9 /* Products */ = {
			isa = PBXGroup;
			children = (
				52F0460A2C096D34002A00C9 /* CallsChatSample.app */,
			);
			name = Products;
			sourceTree = "<group>";
		};
		52F0460C2C096D34002A00C9 /* CallsChatSample */ = {
			isa = PBXGroup;
			children = (
				52F046422C098A78002A00C9 /* CallsChatSample.entitlements */,
				52F046242C096F61002A00C9 /* Call */,
				52F0460D2C096D34002A00C9 /* AppDelegate.swift */,
				52F0462D2C097039002A00C9 /* ConnectionManager.swift */,
				52F0460F2C096D34002A00C9 /* SceneDelegate.swift */,
				52F046112C096D34002A00C9 /* ViewController.swift */,
				52F046402C09878E002A00C9 /* SignInViewController.swift */,
				52F0464A2C098F66002A00C9 /* GroupChannel */,
				52F046132C096D34002A00C9 /* Main.storyboard */,
				52F046162C096D36002A00C9 /* Assets.xcassets */,
				52F046182C096D36002A00C9 /* LaunchScreen.storyboard */,
				52F0461B2C096D36002A00C9 /* Info.plist */,
			);
			path = CallsChatSample;
			sourceTree = "<group>";
		};
		52F046242C096F61002A00C9 /* Call */ = {
			isa = PBXGroup;
			children = (
				52F046252C096F71002A00C9 /* CXCallManager.swift */,
				52F0463D2C0972D2002A00C9 /* CallInfo.swift */,
				52F046272C096F87002A00C9 /* CXProvider.swift */,
				52F046292C096FCC002A00C9 /* View */,
			);
			path = Call;
			sourceTree = "<group>";
		};
		52F046292C096FCC002A00C9 /* View */ = {
			isa = PBXGroup;
			children = (
				52F0462A2C096FDA002A00C9 /* CallingViewController.swift */,
				52F0462F2C097178002A00C9 /* CallingGroupChannelViewController.swift */,
				52F0462B2C096FDA002A00C9 /* CallingViewController.xib */,
			);
			path = View;
			sourceTree = "<group>";
		};
		52F046442C098F66002A00C9 /* Channels */ = {
			isa = PBXGroup;
			children = (
				52F046432C098F66002A00C9 /* ChannelListViewController.swift */,
			);
			path = Channels;
			sourceTree = "<group>";
		};
		52F046482C098F66002A00C9 /* MySettings */ = {
			isa = PBXGroup;
			children = (
				52F046452C098F66002A00C9 /* MySettingsCell.swift */,
				52F046462C098F66002A00C9 /* MySettingsViewController.swift */,
				52F046472C098F66002A00C9 /* UserInfoTitleView.swift */,
			);
			path = MySettings;
			sourceTree = "<group>";
		};
		52F0464A2C098F66002A00C9 /* GroupChannel */ = {
			isa = PBXGroup;
			children = (
				52F046442C098F66002A00C9 /* Channels */,
				52F046482C098F66002A00C9 /* MySettings */,
				52F046492C098F66002A00C9 /* MainChannelTabbarController.swift */,
			);
			path = GroupChannel;
			sourceTree = "<group>";
		};
		902B6B7DFE43BE47C1C46000 /* Frameworks */ = {
			isa = PBXGroup;
			children = (
				52F046502C099576002A00C9 /* SendbirdUIKit.framework */,
				74120BA0E30A51B3AEB25B59 /* Pods_CallsChatSample.framework */,
			);
			name = Frameworks;
			sourceTree = "<group>";
		};
		FAB64532B9ED56EACD439912 /* Pods */ = {
			isa = PBXGroup;
			children = (
				DCF3E7F67963EC380B354B82 /* Pods-CallsChatSample.debug.xcconfig */,
				FBEDEDF1C567344BE009AF01 /* Pods-CallsChatSample.release.xcconfig */,
			);
			path = Pods;
			sourceTree = "<group>";
		};
/* End PBXGroup section */

/* Begin PBXNativeTarget section */
		52F046092C096D34002A00C9 /* CallsChatSample */ = {
			isa = PBXNativeTarget;
			buildConfigurationList = 52F0461E2C096D36002A00C9 /* Build configuration list for PBXNativeTarget "CallsChatSample" */;
			buildPhases = (
				930C5CDA2FB206263AB26594 /* [CP] Check Pods Manifest.lock */,
				52F046062C096D34002A00C9 /* Sources */,
				52F046072C096D34002A00C9 /* Frameworks */,
				52F046082C096D34002A00C9 /* Resources */,
				D27536C87741857B7FB62E21 /* [CP] Embed Pods Frameworks */,
				52F046532C099576002A00C9 /* Embed Frameworks */,
			);
			buildRules = (
			);
			dependencies = (
			);
			name = CallsChatSample;
			packageProductDependencies = (
				52F046552C099F48002A00C9 /* SendbirdChatSDK */,
			);
			productName = CallsChatSample;
			productReference = 52F0460A2C096D34002A00C9 /* CallsChatSample.app */;
			productType = "com.apple.product-type.application";
		};
/* End PBXNativeTarget section */

/* Begin PBXProject section */
		52F046022C096D34002A00C9 /* Project object */ = {
			isa = PBXProject;
			attributes = {
				BuildIndependentTargetsInParallel = 1;
				LastSwiftUpdateCheck = 1540;
				LastUpgradeCheck = 1540;
				TargetAttributes = {
					52F046092C096D34002A00C9 = {
						CreatedOnToolsVersion = 15.4;
					};
				};
			};
			buildConfigurationList = 52F046052C096D34002A00C9 /* Build configuration list for PBXProject "CallsChatSample" */;
			compatibilityVersion = "Xcode 14.0";
			developmentRegion = en;
			hasScannedForEncodings = 0;
			knownRegions = (
				en,
				Base,
			);
			mainGroup = 52F046012C096D34002A00C9;
			packageReferences = (
				52F046542C099F48002A00C9 /* XCRemoteSwiftPackageReference "sendbird-chat-sdk-ios" */,
			);
			productRefGroup = 52F0460B2C096D34002A00C9 /* Products */;
			projectDirPath = "";
			projectRoot = "";
			targets = (
				52F046092C096D34002A00C9 /* CallsChatSample */,
			);
		};
/* End PBXProject section */

/* Begin PBXResourcesBuildPhase section */
		52F046082C096D34002A00C9 /* Resources */ = {
			isa = PBXResourcesBuildPhase;
			buildActionMask = 2147483647;
			files = (
				52F046172C096D36002A00C9 /* Assets.xcassets in Resources */,
				52F0461A2C096D36002A00C9 /* Base in Resources */,
				52F046152C096D34002A00C9 /* Base in Resources */,
				52F0463F2C0986A0002A00C9 /* CallingViewController.xib in Resources */,
			);
			runOnlyForDeploymentPostprocessing = 0;
		};
/* End PBXResourcesBuildPhase section */

/* Begin PBXShellScriptBuildPhase section */
		930C5CDA2FB206263AB26594 /* [CP] Check Pods Manifest.lock */ = {
			isa = PBXShellScriptBuildPhase;
			buildActionMask = 2147483647;
			files = (
			);
			inputFileListPaths = (
			);
			inputPaths = (
				"${PODS_PODFILE_DIR_PATH}/Podfile.lock",
				"${PODS_ROOT}/Manifest.lock",
			);
			name = "[CP] Check Pods Manifest.lock";
			outputFileListPaths = (
			);
			outputPaths = (
				"$(DERIVED_FILE_DIR)/Pods-CallsChatSample-checkManifestLockResult.txt",
			);
			runOnlyForDeploymentPostprocessing = 0;
			shellPath = /bin/sh;
			shellScript = "diff \"${PODS_PODFILE_DIR_PATH}/Podfile.lock\" \"${PODS_ROOT}/Manifest.lock\" > /dev/null\nif [ $? != 0 ] ; then\n    # print error to STDERR\n    echo \"error: The sandbox is not in sync with the Podfile.lock. Run 'pod install' or update your CocoaPods installation.\" >&2\n    exit 1\nfi\n# This output is used by Xcode 'outputs' to avoid re-running this script phase.\necho \"SUCCESS\" > \"${SCRIPT_OUTPUT_FILE_0}\"\n";
			showEnvVarsInLog = 0;
		};
		D27536C87741857B7FB62E21 /* [CP] Embed Pods Frameworks */ = {
			isa = PBXShellScriptBuildPhase;
			buildActionMask = 2147483647;
			files = (
			);
			inputFileListPaths = (
				"${PODS_ROOT}/Target Support Files/Pods-CallsChatSample/Pods-CallsChatSample-frameworks-${CONFIGURATION}-input-files.xcfilelist",
			);
			name = "[CP] Embed Pods Frameworks";
			outputFileListPaths = (
				"${PODS_ROOT}/Target Support Files/Pods-CallsChatSample/Pods-CallsChatSample-frameworks-${CONFIGURATION}-output-files.xcfilelist",
			);
			runOnlyForDeploymentPostprocessing = 0;
			shellPath = /bin/sh;
			shellScript = "\"${PODS_ROOT}/Target Support Files/Pods-CallsChatSample/Pods-CallsChatSample-frameworks.sh\"\n";
			showEnvVarsInLog = 0;
		};
/* End PBXShellScriptBuildPhase section */

/* Begin PBXSourcesBuildPhase section */
		52F046062C096D34002A00C9 /* Sources */ = {
			isa = PBXSourcesBuildPhase;
			buildActionMask = 2147483647;
			files = (
				52F046262C096F71002A00C9 /* CXCallManager.swift in Sources */,
				52F0464D2C098F66002A00C9 /* MySettingsViewController.swift in Sources */,
				52F0463E2C0972D2002A00C9 /* CallInfo.swift in Sources */,
				52F046302C097178002A00C9 /* CallingGroupChannelViewController.swift in Sources */,
				52F0464E2C098F66002A00C9 /* UserInfoTitleView.swift in Sources */,
				52F046282C096F87002A00C9 /* CXProvider.swift in Sources */,
				52F046122C096D34002A00C9 /* ViewController.swift in Sources */,
				52F0462E2C097039002A00C9 /* ConnectionManager.swift in Sources */,
				52F0464C2C098F66002A00C9 /* MySettingsCell.swift in Sources */,
				52F0460E2C096D34002A00C9 /* AppDelegate.swift in Sources */,
				52F046102C096D34002A00C9 /* SceneDelegate.swift in Sources */,
				52F0464F2C098F66002A00C9 /* MainChannelTabbarController.swift in Sources */,
				52F046412C09878F002A00C9 /* SignInViewController.swift in Sources */,
				52F0464B2C098F66002A00C9 /* ChannelListViewController.swift in Sources */,
				52F0462C2C096FED002A00C9 /* CallingViewController.swift in Sources */,
			);
			runOnlyForDeploymentPostprocessing = 0;
		};
/* End PBXSourcesBuildPhase section */

/* Begin PBXVariantGroup section */
		52F046132C096D34002A00C9 /* Main.storyboard */ = {
			isa = PBXVariantGroup;
			children = (
				52F046142C096D34002A00C9 /* Base */,
			);
			name = Main.storyboard;
			sourceTree = "<group>";
		};
		52F046182C096D36002A00C9 /* LaunchScreen.storyboard */ = {
			isa = PBXVariantGroup;
			children = (
				52F046192C096D36002A00C9 /* Base */,
			);
			name = LaunchScreen.storyboard;
			sourceTree = "<group>";
		};
/* End PBXVariantGroup section */

/* Begin XCBuildConfiguration section */
		52F0461C2C096D36002A00C9 /* Debug */ = {
			isa = XCBuildConfiguration;
			buildSettings = {
				ALWAYS_SEARCH_USER_PATHS = NO;
				ASSETCATALOG_COMPILER_GENERATE_SWIFT_ASSET_SYMBOL_EXTENSIONS = YES;
				CLANG_ANALYZER_NONNULL = YES;
				CLANG_ANALYZER_NUMBER_OBJECT_CONVERSION = YES_AGGRESSIVE;
				CLANG_CXX_LANGUAGE_STANDARD = "gnu++20";
				CLANG_ENABLE_MODULES = YES;
				CLANG_ENABLE_OBJC_ARC = YES;
				CLANG_ENABLE_OBJC_WEAK = YES;
				CLANG_WARN_BLOCK_CAPTURE_AUTORELEASING = YES;
				CLANG_WARN_BOOL_CONVERSION = YES;
				CLANG_WARN_COMMA = YES;
				CLANG_WARN_CONSTANT_CONVERSION = YES;
				CLANG_WARN_DEPRECATED_OBJC_IMPLEMENTATIONS = YES;
				CLANG_WARN_DIRECT_OBJC_ISA_USAGE = YES_ERROR;
				CLANG_WARN_DOCUMENTATION_COMMENTS = YES;
				CLANG_WARN_EMPTY_BODY = YES;
				CLANG_WARN_ENUM_CONVERSION = YES;
				CLANG_WARN_INFINITE_RECURSION = YES;
				CLANG_WARN_INT_CONVERSION = YES;
				CLANG_WARN_NON_LITERAL_NULL_CONVERSION = YES;
				CLANG_WARN_OBJC_IMPLICIT_RETAIN_SELF = YES;
				CLANG_WARN_OBJC_LITERAL_CONVERSION = YES;
				CLANG_WARN_OBJC_ROOT_CLASS = YES_ERROR;
				CLANG_WARN_QUOTED_INCLUDE_IN_FRAMEWORK_HEADER = YES;
				CLANG_WARN_RANGE_LOOP_ANALYSIS = YES;
				CLANG_WARN_STRICT_PROTOTYPES = YES;
				CLANG_WARN_SUSPICIOUS_MOVE = YES;
				CLANG_WARN_UNGUARDED_AVAILABILITY = YES_AGGRESSIVE;
				CLANG_WARN_UNREACHABLE_CODE = YES;
				CLANG_WARN__DUPLICATE_METHOD_MATCH = YES;
				COPY_PHASE_STRIP = NO;
				DEBUG_INFORMATION_FORMAT = dwarf;
				ENABLE_STRICT_OBJC_MSGSEND = YES;
				ENABLE_TESTABILITY = YES;
				ENABLE_USER_SCRIPT_SANDBOXING = NO;
				GCC_C_LANGUAGE_STANDARD = gnu17;
				GCC_DYNAMIC_NO_PIC = NO;
				GCC_NO_COMMON_BLOCKS = YES;
				GCC_OPTIMIZATION_LEVEL = 0;
				GCC_PREPROCESSOR_DEFINITIONS = (
					"DEBUG=1",
					"$(inherited)",
				);
				GCC_WARN_64_TO_32_BIT_CONVERSION = YES;
				GCC_WARN_ABOUT_RETURN_TYPE = YES_ERROR;
				GCC_WARN_UNDECLARED_SELECTOR = YES;
				GCC_WARN_UNINITIALIZED_AUTOS = YES_AGGRESSIVE;
				GCC_WARN_UNUSED_FUNCTION = YES;
				GCC_WARN_UNUSED_VARIABLE = YES;
				IPHONEOS_DEPLOYMENT_TARGET = 17.5;
				LOCALIZATION_PREFERS_STRING_CATALOGS = YES;
				MTL_ENABLE_DEBUG_INFO = INCLUDE_SOURCE;
				MTL_FAST_MATH = YES;
				ONLY_ACTIVE_ARCH = YES;
				SDKROOT = iphoneos;
				SWIFT_ACTIVE_COMPILATION_CONDITIONS = "DEBUG $(inherited)";
				SWIFT_OPTIMIZATION_LEVEL = "-Onone";
			};
			name = Debug;
		};
		52F0461D2C096D36002A00C9 /* Release */ = {
			isa = XCBuildConfiguration;
			buildSettings = {
				ALWAYS_SEARCH_USER_PATHS = NO;
				ASSETCATALOG_COMPILER_GENERATE_SWIFT_ASSET_SYMBOL_EXTENSIONS = YES;
				CLANG_ANALYZER_NONNULL = YES;
				CLANG_ANALYZER_NUMBER_OBJECT_CONVERSION = YES_AGGRESSIVE;
				CLANG_CXX_LANGUAGE_STANDARD = "gnu++20";
				CLANG_ENABLE_MODULES = YES;
				CLANG_ENABLE_OBJC_ARC = YES;
				CLANG_ENABLE_OBJC_WEAK = YES;
				CLANG_WARN_BLOCK_CAPTURE_AUTORELEASING = YES;
				CLANG_WARN_BOOL_CONVERSION = YES;
				CLANG_WARN_COMMA = YES;
				CLANG_WARN_CONSTANT_CONVERSION = YES;
				CLANG_WARN_DEPRECATED_OBJC_IMPLEMENTATIONS = YES;
				CLANG_WARN_DIRECT_OBJC_ISA_USAGE = YES_ERROR;
				CLANG_WARN_DOCUMENTATION_COMMENTS = YES;
				CLANG_WARN_EMPTY_BODY = YES;
				CLANG_WARN_ENUM_CONVERSION = YES;
				CLANG_WARN_INFINITE_RECURSION = YES;
				CLANG_WARN_INT_CONVERSION = YES;
				CLANG_WARN_NON_LITERAL_NULL_CONVERSION = YES;
				CLANG_WARN_OBJC_IMPLICIT_RETAIN_SELF = YES;
				CLANG_WARN_OBJC_LITERAL_CONVERSION = YES;
				CLANG_WARN_OBJC_ROOT_CLASS = YES_ERROR;
				CLANG_WARN_QUOTED_INCLUDE_IN_FRAMEWORK_HEADER = YES;
				CLANG_WARN_RANGE_LOOP_ANALYSIS = YES;
				CLANG_WARN_STRICT_PROTOTYPES = YES;
				CLANG_WARN_SUSPICIOUS_MOVE = YES;
				CLANG_WARN_UNGUARDED_AVAILABILITY = YES_AGGRESSIVE;
				CLANG_WARN_UNREACHABLE_CODE = YES;
				CLANG_WARN__DUPLICATE_METHOD_MATCH = YES;
				COPY_PHASE_STRIP = NO;
				DEBUG_INFORMATION_FORMAT = "dwarf-with-dsym";
				ENABLE_NS_ASSERTIONS = NO;
				ENABLE_STRICT_OBJC_MSGSEND = YES;
				ENABLE_USER_SCRIPT_SANDBOXING = NO;
				GCC_C_LANGUAGE_STANDARD = gnu17;
				GCC_NO_COMMON_BLOCKS = YES;
				GCC_WARN_64_TO_32_BIT_CONVERSION = YES;
				GCC_WARN_ABOUT_RETURN_TYPE = YES_ERROR;
				GCC_WARN_UNDECLARED_SELECTOR = YES;
				GCC_WARN_UNINITIALIZED_AUTOS = YES_AGGRESSIVE;
				GCC_WARN_UNUSED_FUNCTION = YES;
				GCC_WARN_UNUSED_VARIABLE = YES;
				IPHONEOS_DEPLOYMENT_TARGET = 17.5;
				LOCALIZATION_PREFERS_STRING_CATALOGS = YES;
				MTL_ENABLE_DEBUG_INFO = NO;
				MTL_FAST_MATH = YES;
				SDKROOT = iphoneos;
				SWIFT_COMPILATION_MODE = wholemodule;
				VALIDATE_PRODUCT = YES;
			};
			name = Release;
		};
		52F0461F2C096D36002A00C9 /* Debug */ = {
			isa = XCBuildConfiguration;
			baseConfigurationReference = DCF3E7F67963EC380B354B82 /* Pods-CallsChatSample.debug.xcconfig */;
			buildSettings = {
				ASSETCATALOG_COMPILER_APPICON_NAME = AppIcon;
				ASSETCATALOG_COMPILER_GLOBAL_ACCENT_COLOR_NAME = AccentColor;
				CODE_SIGN_ENTITLEMENTS = CallsChatSample/CallsChatSample.entitlements;
				CODE_SIGN_STYLE = Automatic;
				CURRENT_PROJECT_VERSION = 1;
				DEVELOPMENT_TEAM = RM4A5PXTUX;
				GENERATE_INFOPLIST_FILE = YES;
				INFOPLIST_FILE = CallsChatSample/Info.plist;
				INFOPLIST_KEY_NSCameraUsageDescription = "Please allow camera usage";
				INFOPLIST_KEY_NSMicrophoneUsageDescription = "Please allow microphone usage";
				INFOPLIST_KEY_NSPhotoLibraryUsageDescription = "Please allow photo library usage";
				INFOPLIST_KEY_UIApplicationSupportsIndirectInputEvents = YES;
				INFOPLIST_KEY_UILaunchStoryboardName = LaunchScreen;
				INFOPLIST_KEY_UIMainStoryboardFile = Main;
				INFOPLIST_KEY_UISupportedInterfaceOrientations_iPad = "UIInterfaceOrientationPortrait UIInterfaceOrientationPortraitUpsideDown UIInterfaceOrientationLandscapeLeft UIInterfaceOrientationLandscapeRight";
				INFOPLIST_KEY_UISupportedInterfaceOrientations_iPhone = "UIInterfaceOrientationPortrait UIInterfaceOrientationLandscapeLeft UIInterfaceOrientationLandscapeRight";
				IPHONEOS_DEPLOYMENT_TARGET = 16.0;
				LD_RUNPATH_SEARCH_PATHS = (
					"$(inherited)",
					"@executable_path/Frameworks",
				);
				MARKETING_VERSION = 1.0;
				PRODUCT_BUNDLE_IDENTIFIER = "com.sendbird.calls.chat-integration";
				PRODUCT_NAME = "$(TARGET_NAME)";
				SWIFT_EMIT_LOC_STRINGS = YES;
				SWIFT_VERSION = 5.0;
				TARGETED_DEVICE_FAMILY = "1,2";
			};
			name = Debug;
		};
		52F046202C096D36002A00C9 /* Release */ = {
			isa = XCBuildConfiguration;
			baseConfigurationReference = FBEDEDF1C567344BE009AF01 /* Pods-CallsChatSample.release.xcconfig */;
			buildSettings = {
				ASSETCATALOG_COMPILER_APPICON_NAME = AppIcon;
				ASSETCATALOG_COMPILER_GLOBAL_ACCENT_COLOR_NAME = AccentColor;
				CODE_SIGN_ENTITLEMENTS = CallsChatSample/CallsChatSample.entitlements;
				CODE_SIGN_STYLE = Automatic;
				CURRENT_PROJECT_VERSION = 1;
				DEVELOPMENT_TEAM = RM4A5PXTUX;
				GENERATE_INFOPLIST_FILE = YES;
				INFOPLIST_FILE = CallsChatSample/Info.plist;
				INFOPLIST_KEY_NSCameraUsageDescription = "Please allow camera usage";
				INFOPLIST_KEY_NSMicrophoneUsageDescription = "Please allow microphone usage";
				INFOPLIST_KEY_NSPhotoLibraryUsageDescription = "Please allow photo library usage";
				INFOPLIST_KEY_UIApplicationSupportsIndirectInputEvents = YES;
				INFOPLIST_KEY_UILaunchStoryboardName = LaunchScreen;
				INFOPLIST_KEY_UIMainStoryboardFile = Main;
				INFOPLIST_KEY_UISupportedInterfaceOrientations_iPad = "UIInterfaceOrientationPortrait UIInterfaceOrientationPortraitUpsideDown UIInterfaceOrientationLandscapeLeft UIInterfaceOrientationLandscapeRight";
				INFOPLIST_KEY_UISupportedInterfaceOrientations_iPhone = "UIInterfaceOrientationPortrait UIInterfaceOrientationLandscapeLeft UIInterfaceOrientationLandscapeRight";
				IPHONEOS_DEPLOYMENT_TARGET = 16.0;
				LD_RUNPATH_SEARCH_PATHS = (
					"$(inherited)",
					"@executable_path/Frameworks",
				);
				MARKETING_VERSION = 1.0;
				PRODUCT_BUNDLE_IDENTIFIER = "com.sendbird.calls.chat-integration";
				PRODUCT_NAME = "$(TARGET_NAME)";
				SWIFT_EMIT_LOC_STRINGS = YES;
				SWIFT_VERSION = 5.0;
				TARGETED_DEVICE_FAMILY = "1,2";
			};
			name = Release;
		};
/* End XCBuildConfiguration section */

/* Begin XCConfigurationList section */
		52F046052C096D34002A00C9 /* Build configuration list for PBXProject "CallsChatSample" */ = {
			isa = XCConfigurationList;
			buildConfigurations = (
				52F0461C2C096D36002A00C9 /* Debug */,
				52F0461D2C096D36002A00C9 /* Release */,
			);
			defaultConfigurationIsVisible = 0;
			defaultConfigurationName = Release;
		};
		52F0461E2C096D36002A00C9 /* Build configuration list for PBXNativeTarget "CallsChatSample" */ = {
			isa = XCConfigurationList;
			buildConfigurations = (
				52F0461F2C096D36002A00C9 /* Debug */,
				52F046202C096D36002A00C9 /* Release */,
			);
			defaultConfigurationIsVisible = 0;
			defaultConfigurationName = Release;
		};
/* End XCConfigurationList section */

/* Begin XCRemoteSwiftPackageReference section */
		52F046542C099F48002A00C9 /* XCRemoteSwiftPackageReference "sendbird-chat-sdk-ios" */ = {
			isa = XCRemoteSwiftPackageReference;
			repositoryURL = "https://github.com/sendbird/sendbird-chat-sdk-ios";
			requirement = {
				branch = master;
				kind = branch;
			};
		};
/* End XCRemoteSwiftPackageReference section */

/* Begin XCSwiftPackageProductDependency section */
		52F046552C099F48002A00C9 /* SendbirdChatSDK */ = {
			isa = XCSwiftPackageProductDependency;
			package = 52F046542C099F48002A00C9 /* XCRemoteSwiftPackageReference "sendbird-chat-sdk-ios" */;
			productName = SendbirdChatSDK;
		};
/* End XCSwiftPackageProductDependency section */
	};
	rootObject = 52F046022C096D34002A00C9 /* Project object */;
}
